
Microsoft Visual Studio Solution File, Format Version 12.00
# Visual Studio Version 17
VisualStudioVersion = 17.8.34330.188
MinimumVisualStudioVersion = 10.0.40219.1
Project("{FAE04EC0-301F-11D3-BF4B-00C04F79EFBC}") = "DNCP9-ViewComponents", "DNCP9-ViewComponents.csproj", "{49313904-03E7-4F1E-9A3B-1070AA2FBB98}"
EndProject
Global
	GlobalSection(SolutionConfigurationPlatforms) = preSolution
		Debug|Any CPU = Debug|Any CPU
		Release|Any CPU = Release|Any CPU
	EndGlobalSection
	GlobalSection(ProjectConfigurationPlatforms) = postSolution
		{49313904-03E7-4F1E-9A3B-1070AA2FBB98}.Debug|Any CPU.ActiveCfg = Debug|Any CPU
		{49313904-03E7-4F1E-9A3B-1070AA2FBB98}.Debug|Any CPU.Build.0 = Debug|Any CPU
		{49313904-03E7-4F1E-9A3B-1070AA2FBB98}.Release|Any CPU.ActiveCfg = Release|Any CPU
		{49313904-03E7-4F1E-9A3B-1070AA2FBB98}.Release|Any CPU.Build.0 = Release|Any CPU
	EndGlobalSection
	GlobalSection(SolutionProperties) = preSolution
		HideSolutionNode = FALSE
	EndGlobalSection
	GlobalSection(ExtensibilityGlobals) = postSolution
		SolutionGuid = {1B36BE2E-4A8E-4AC2-B89C-A4846AFDE1BB}
	EndGlobalSection
EndGlobal
