
Microsoft Visual Studio Solution File, Format Version 12.00
# Visual Studio Version 17
VisualStudioVersion = 17.6.33815.320
MinimumVisualStudioVersion = 10.0.40219.1
Project("{FAE04EC0-301F-11D3-BF4B-00C04F79EFBC}") = "DNCP1_HTTP", "DNCP1_HTTP.csproj", "{B1BCDEF5-71AD-4CFB-95CD-FFE7EF2D302F}"
EndProject
Global
	GlobalSection(SolutionConfigurationPlatforms) = preSolution
		Debug|Any CPU = Debug|Any CPU
		Release|Any CPU = Release|Any CPU
	EndGlobalSection
	GlobalSection(ProjectConfigurationPlatforms) = postSolution
		{B1BCDEF5-71AD-4CFB-95CD-FFE7EF2D302F}.Debug|Any CPU.ActiveCfg = Debug|Any CPU
		{B1BCDEF5-71AD-4CFB-95CD-FFE7EF2D302F}.Debug|Any CPU.Build.0 = Debug|Any CPU
		{B1BCDEF5-71AD-4CFB-95CD-FFE7EF2D302F}.Release|Any CPU.ActiveCfg = Release|Any CPU
		{B1BCDEF5-71AD-4CFB-95CD-FFE7EF2D302F}.Release|Any CPU.Build.0 = Release|Any CPU
	EndGlobalSection
	GlobalSection(SolutionProperties) = preSolution
		HideSolutionNode = FALSE
	EndGlobalSection
	GlobalSection(ExtensibilityGlobals) = postSolution
		SolutionGuid = {E59C404D-F33D-4A0F-8E44-8702DFA6A5F6}
	EndGlobalSection
EndGlobal
