
Microsoft Visual Studio Solution File, Format Version 12.00
# Visual Studio Version 17
VisualStudioVersion = 17.6.33815.320
MinimumVisualStudioVersion = 10.0.40219.1
Project("{FAE04EC0-301F-11D3-BF4B-00C04F79EFBC}") = "DNCP2-Middlewlares", "DNCP2-Middlewlares.csproj", "{49ACC25B-2083-44D1-96C0-05EEEC14A6C0}"
EndProject
Global
	GlobalSection(SolutionConfigurationPlatforms) = preSolution
		Debug|Any CPU = Debug|Any CPU
		Release|Any CPU = Release|Any CPU
	EndGlobalSection
	GlobalSection(ProjectConfigurationPlatforms) = postSolution
		{49ACC25B-2083-44D1-96C0-05EEEC14A6C0}.Debug|Any CPU.ActiveCfg = Debug|Any CPU
		{49ACC25B-2083-44D1-96C0-05EEEC14A6C0}.Debug|Any CPU.Build.0 = Debug|Any CPU
		{49ACC25B-2083-44D1-96C0-05EEEC14A6C0}.Release|Any CPU.ActiveCfg = Release|Any CPU
		{49ACC25B-2083-44D1-96C0-05EEEC14A6C0}.Release|Any CPU.Build.0 = Release|Any CPU
	EndGlobalSection
	GlobalSection(SolutionProperties) = preSolution
		HideSolutionNode = FALSE
	EndGlobalSection
	GlobalSection(ExtensibilityGlobals) = postSolution
		SolutionGuid = {827F2E80-671B-4A4B-9ADC-FB79E85F4A76}
	EndGlobalSection
EndGlobal
