
Microsoft Visual Studio Solution File, Format Version 12.00
# Visual Studio Version 17
VisualStudioVersion = 17.6.33815.320
MinimumVisualStudioVersion = 10.0.40219.1
Project("{FAE04EC0-301F-11D3-BF4B-00C04F79EFBC}") = "Student_Management_System", "Student_Management_System.csproj", "{57CE0979-CB1C-4854-AD92-E9C7E27FF403}"
EndProject
Global
	GlobalSection(SolutionConfigurationPlatforms) = preSolution
		Debug|Any CPU = Debug|Any CPU
		Release|Any CPU = Release|Any CPU
	EndGlobalSection
	GlobalSection(ProjectConfigurationPlatforms) = postSolution
		{57CE0979-CB1C-4854-AD92-E9C7E27FF403}.Debug|Any CPU.ActiveCfg = Debug|Any CPU
		{57CE0979-CB1C-4854-AD92-E9C7E27FF403}.Debug|Any CPU.Build.0 = Debug|Any CPU
		{57CE0979-CB1C-4854-AD92-E9C7E27FF403}.Release|Any CPU.ActiveCfg = Release|Any CPU
		{57CE0979-CB1C-4854-AD92-E9C7E27FF403}.Release|Any CPU.Build.0 = Release|Any CPU
	EndGlobalSection
	GlobalSection(SolutionProperties) = preSolution
		HideSolutionNode = FALSE
	EndGlobalSection
	GlobalSection(ExtensibilityGlobals) = postSolution
		SolutionGuid = {58B6A8D8-AF91-4106-9A86-234C0BF74583}
	EndGlobalSection
EndGlobal
